
Microsoft Visual Studio Solution File, Format Version 12.00
# Visual Studio Version 17
VisualStudioVersion = 17.14.37012.4 d17.14
MinimumVisualStudioVersion = 10.0.40219.1
Project("{FAE04EC0-301F-11D3-BF4B-00C04F79EFBC}") = "InspectionTracker.MVC", "InspectionTracker.MVC\InspectionTracker.MVC.csproj", "{9804C4D3-F504-4E04-9164-F2D686B4260B}"
EndProject
Global
	GlobalSection(SolutionConfigurationPlatforms) = preSolution
		Debug|Any CPU = Debug|Any CPU
		Release|Any CPU = Release|Any CPU
	EndGlobalSection
	GlobalSection(ProjectConfigurationPlatforms) = postSolution
		{9804C4D3-F504-4E04-9164-F2D686B4260B}.Debug|Any CPU.ActiveCfg = Debug|Any CPU
		{9804C4D3-F504-4E04-9164-F2D686B4260B}.Debug|Any CPU.Build.0 = Debug|Any CPU
		{9804C4D3-F504-4E04-9164-F2D686B4260B}.Release|Any CPU.ActiveCfg = Release|Any CPU
		{9804C4D3-F504-4E04-9164-F2D686B4260B}.Release|Any CPU.Build.0 = Release|Any CPU
	EndGlobalSection
	GlobalSection(SolutionProperties) = preSolution
		HideSolutionNode = FALSE
	EndGlobalSection
	GlobalSection(ExtensibilityGlobals) = postSolution
		SolutionGuid = {88FDE5B4-9085-4921-BD5C-46F375F0A735}
	EndGlobalSection
EndGlobal
